
Microsoft Visual Studio Solution File, Format Version 12.00
Project("{2150E333-8FDC-42A3-9474-1A3956D46DE8}") = "Adapters", "Adapters", "{06BC05C0-9C93-44E3-AE01-70D36686238A}"
EndProject
Project("{2150E333-8FDC-42A3-9474-1A3956D46DE8}") = "Core", "Core", "{725FA748-3666-48A9-8DFD-890253E0EF9C}"
EndProject
Project("{2150E333-8FDC-42A3-9474-1A3956D46DE8}") = "Drivers", "Drivers", "{94FFE790-4ECE-4668-AFA8-433554C2888F}"
EndProject
Project("{FAE04EC0-301F-11D3-BF4B-00C04F79EFBC}") = "Adapters", "src\Adapters\Adapters.csproj", "{9FA5EFD9-54B3-4C9B-B562-743E375E378E}"
EndProject
Project("{FAE04EC0-301F-11D3-BF4B-00C04F79EFBC}") = "Application", "src\Core\Application\Application.csproj", "{157472B5-0D39-4185-8E03-C9A3F91349F8}"
EndProject
Project("{FAE04EC0-301F-11D3-BF4B-00C04F79EFBC}") = "Entities", "src\Core\Entities\Entities.csproj", "{F15647D9-380D-4021-AA27-7505F3514A1F}"
EndProject
Project("{FAE04EC0-301F-11D3-BF4B-00C04F79EFBC}") = "API", "src\Drivers\API\API.csproj", "{E54CD0AC-9793-4186-884D-E17D93C2EE14}"
EndProject
Project("{FAE04EC0-301F-11D3-BF4B-00C04F79EFBC}") = "External", "src\Drivers\External\External.csproj", "{4E653600-EDF0-468A-BC4E-D5D22076955B}"
EndProject
Global
	GlobalSection(SolutionConfigurationPlatforms) = preSolution
		Debug|Any CPU = Debug|Any CPU
		Release|Any CPU = Release|Any CPU
	EndGlobalSection
	GlobalSection(NestedProjects) = preSolution
		{9FA5EFD9-54B3-4C9B-B562-743E375E378E} = {06BC05C0-9C93-44E3-AE01-70D36686238A}
		{157472B5-0D39-4185-8E03-C9A3F91349F8} = {725FA748-3666-48A9-8DFD-890253E0EF9C}
		{F15647D9-380D-4021-AA27-7505F3514A1F} = {725FA748-3666-48A9-8DFD-890253E0EF9C}
		{E54CD0AC-9793-4186-884D-E17D93C2EE14} = {94FFE790-4ECE-4668-AFA8-433554C2888F}
		{4E653600-EDF0-468A-BC4E-D5D22076955B} = {94FFE790-4ECE-4668-AFA8-433554C2888F}
	EndGlobalSection
	GlobalSection(ProjectConfigurationPlatforms) = postSolution
		{9FA5EFD9-54B3-4C9B-B562-743E375E378E}.Debug|Any CPU.ActiveCfg = Debug|Any CPU
		{9FA5EFD9-54B3-4C9B-B562-743E375E378E}.Debug|Any CPU.Build.0 = Debug|Any CPU
		{9FA5EFD9-54B3-4C9B-B562-743E375E378E}.Release|Any CPU.ActiveCfg = Release|Any CPU
		{9FA5EFD9-54B3-4C9B-B562-743E375E378E}.Release|Any CPU.Build.0 = Release|Any CPU
		{157472B5-0D39-4185-8E03-C9A3F91349F8}.Debug|Any CPU.ActiveCfg = Debug|Any CPU
		{157472B5-0D39-4185-8E03-C9A3F91349F8}.Debug|Any CPU.Build.0 = Debug|Any CPU
		{157472B5-0D39-4185-8E03-C9A3F91349F8}.Release|Any CPU.ActiveCfg = Release|Any CPU
		{157472B5-0D39-4185-8E03-C9A3F91349F8}.Release|Any CPU.Build.0 = Release|Any CPU
		{F15647D9-380D-4021-AA27-7505F3514A1F}.Debug|Any CPU.ActiveCfg = Debug|Any CPU
		{F15647D9-380D-4021-AA27-7505F3514A1F}.Debug|Any CPU.Build.0 = Debug|Any CPU
		{F15647D9-380D-4021-AA27-7505F3514A1F}.Release|Any CPU.ActiveCfg = Release|Any CPU
		{F15647D9-380D-4021-AA27-7505F3514A1F}.Release|Any CPU.Build.0 = Release|Any CPU
		{E54CD0AC-9793-4186-884D-E17D93C2EE14}.Debug|Any CPU.ActiveCfg = Debug|Any CPU
		{E54CD0AC-9793-4186-884D-E17D93C2EE14}.Debug|Any CPU.Build.0 = Debug|Any CPU
		{E54CD0AC-9793-4186-884D-E17D93C2EE14}.Release|Any CPU.ActiveCfg = Release|Any CPU
		{E54CD0AC-9793-4186-884D-E17D93C2EE14}.Release|Any CPU.Build.0 = Release|Any CPU
		{4E653600-EDF0-468A-BC4E-D5D22076955B}.Debug|Any CPU.ActiveCfg = Debug|Any CPU
		{4E653600-EDF0-468A-BC4E-D5D22076955B}.Debug|Any CPU.Build.0 = Debug|Any CPU
		{4E653600-EDF0-468A-BC4E-D5D22076955B}.Release|Any CPU.ActiveCfg = Release|Any CPU
		{4E653600-EDF0-468A-BC4E-D5D22076955B}.Release|Any CPU.Build.0 = Release|Any CPU
	EndGlobalSection
EndGlobal
